
Microsoft Visual Studio Solution File, Format Version 12.00
# Visual Studio Version 17
VisualStudioVersion = 17.0.31903.59
MinimumVisualStudioVersion = 10.0.40219.1
Project("{FAE04EC0-301F-11D3-BF4B-00C04F79EFBC}") = "Client", "Client\Client.csproj", "{68CDA87E-58AE-4F92-8FF7-68EDFAAB84A2}"
EndProject
Project("{FAE04EC0-301F-11D3-BF4B-00C04F79EFBC}") = "Server", "Server\Server.csproj", "{1A3DB9ED-A68D-48B8-B332-ABFDA7B7FBEA}"
EndProject
Project("{FAE04EC0-301F-11D3-BF4B-00C04F79EFBC}") = "Model", "Model\Model.csproj", "{9A69F532-6915-4A59-8084-B0F0492EA20D}"
EndProject
Project("{FAE04EC0-301F-11D3-BF4B-00C04F79EFBC}") = "Tests", "Tests\Tests.csproj", "{8107D6CB-51DE-4AB9-8D99-A1E501D6AB19}"
EndProject
Global
	GlobalSection(SolutionConfigurationPlatforms) = preSolution
		Debug|Any CPU = Debug|Any CPU
		Debug|x64 = Debug|x64
		Debug|x86 = Debug|x86
		Release|Any CPU = Release|Any CPU
		Release|x64 = Release|x64
		Release|x86 = Release|x86
	EndGlobalSection
	GlobalSection(ProjectConfigurationPlatforms) = postSolution
		{68CDA87E-58AE-4F92-8FF7-68EDFAAB84A2}.Debug|Any CPU.ActiveCfg = Debug|Any CPU
		{68CDA87E-58AE-4F92-8FF7-68EDFAAB84A2}.Debug|Any CPU.Build.0 = Debug|Any CPU
		{68CDA87E-58AE-4F92-8FF7-68EDFAAB84A2}.Debug|x64.ActiveCfg = Debug|Any CPU
		{68CDA87E-58AE-4F92-8FF7-68EDFAAB84A2}.Debug|x64.Build.0 = Debug|Any CPU
		{68CDA87E-58AE-4F92-8FF7-68EDFAAB84A2}.Debug|x86.ActiveCfg = Debug|Any CPU
		{68CDA87E-58AE-4F92-8FF7-68EDFAAB84A2}.Debug|x86.Build.0 = Debug|Any CPU
		{68CDA87E-58AE-4F92-8FF7-68EDFAAB84A2}.Release|Any CPU.ActiveCfg = Release|Any CPU
		{68CDA87E-58AE-4F92-8FF7-68EDFAAB84A2}.Release|Any CPU.Build.0 = Release|Any CPU
		{68CDA87E-58AE-4F92-8FF7-68EDFAAB84A2}.Release|x64.ActiveCfg = Release|Any CPU
		{68CDA87E-58AE-4F92-8FF7-68EDFAAB84A2}.Release|x64.Build.0 = Release|Any CPU
		{68CDA87E-58AE-4F92-8FF7-68EDFAAB84A2}.Release|x86.ActiveCfg = Release|Any CPU
		{68CDA87E-58AE-4F92-8FF7-68EDFAAB84A2}.Release|x86.Build.0 = Release|Any CPU
		{1A3DB9ED-A68D-48B8-B332-ABFDA7B7FBEA}.Debug|Any CPU.ActiveCfg = Debug|Any CPU
		{1A3DB9ED-A68D-48B8-B332-ABFDA7B7FBEA}.Debug|Any CPU.Build.0 = Debug|Any CPU
		{1A3DB9ED-A68D-48B8-B332-ABFDA7B7FBEA}.Debug|x64.ActiveCfg = Debug|Any CPU
		{1A3DB9ED-A68D-48B8-B332-ABFDA7B7FBEA}.Debug|x64.Build.0 = Debug|Any CPU
		{1A3DB9ED-A68D-48B8-B332-ABFDA7B7FBEA}.Debug|x86.ActiveCfg = Debug|Any CPU
		{1A3DB9ED-A68D-48B8-B332-ABFDA7B7FBEA}.Debug|x86.Build.0 = Debug|Any CPU
		{1A3DB9ED-A68D-48B8-B332-ABFDA7B7FBEA}.Release|Any CPU.ActiveCfg = Release|Any CPU
		{1A3DB9ED-A68D-48B8-B332-ABFDA7B7FBEA}.Release|Any CPU.Build.0 = Release|Any CPU
		{1A3DB9ED-A68D-48B8-B332-ABFDA7B7FBEA}.Release|x64.ActiveCfg = Release|Any CPU
		{1A3DB9ED-A68D-48B8-B332-ABFDA7B7FBEA}.Release|x64.Build.0 = Release|Any CPU
		{1A3DB9ED-A68D-48B8-B332-ABFDA7B7FBEA}.Release|x86.ActiveCfg = Release|Any CPU
		{1A3DB9ED-A68D-48B8-B332-ABFDA7B7FBEA}.Release|x86.Build.0 = Release|Any CPU
		{9A69F532-6915-4A59-8084-B0F0492EA20D}.Debug|Any CPU.ActiveCfg = Debug|Any CPU
		{9A69F532-6915-4A59-8084-B0F0492EA20D}.Debug|Any CPU.Build.0 = Debug|Any CPU
		{9A69F532-6915-4A59-8084-B0F0492EA20D}.Debug|x64.ActiveCfg = Debug|Any CPU
		{9A69F532-6915-4A59-8084-B0F0492EA20D}.Debug|x64.Build.0 = Debug|Any CPU
		{9A69F532-6915-4A59-8084-B0F0492EA20D}.Debug|x86.ActiveCfg = Debug|Any CPU
		{9A69F532-6915-4A59-8084-B0F0492EA20D}.Debug|x86.Build.0 = Debug|Any CPU
		{9A69F532-6915-4A59-8084-B0F0492EA20D}.Release|Any CPU.ActiveCfg = Release|Any CPU
		{9A69F532-6915-4A59-8084-B0F0492EA20D}.Release|Any CPU.Build.0 = Release|Any CPU
		{9A69F532-6915-4A59-8084-B0F0492EA20D}.Release|x64.ActiveCfg = Release|Any CPU
		{9A69F532-6915-4A59-8084-B0F0492EA20D}.Release|x64.Build.0 = Release|Any CPU
		{9A69F532-6915-4A59-8084-B0F0492EA20D}.Release|x86.ActiveCfg = Release|Any CPU
		{9A69F532-6915-4A59-8084-B0F0492EA20D}.Release|x86.Build.0 = Release|Any CPU
		{8107D6CB-51DE-4AB9-8D99-A1E501D6AB19}.Debug|Any CPU.ActiveCfg = Debug|Any CPU
		{8107D6CB-51DE-4AB9-8D99-A1E501D6AB19}.Debug|Any CPU.Build.0 = Debug|Any CPU
		{8107D6CB-51DE-4AB9-8D99-A1E501D6AB19}.Debug|x64.ActiveCfg = Debug|Any CPU
		{8107D6CB-51DE-4AB9-8D99-A1E501D6AB19}.Debug|x64.Build.0 = Debug|Any CPU
		{8107D6CB-51DE-4AB9-8D99-A1E501D6AB19}.Debug|x86.ActiveCfg = Debug|Any CPU
		{8107D6CB-51DE-4AB9-8D99-A1E501D6AB19}.Debug|x86.Build.0 = Debug|Any CPU
		{8107D6CB-51DE-4AB9-8D99-A1E501D6AB19}.Release|Any CPU.ActiveCfg = Release|Any CPU
		{8107D6CB-51DE-4AB9-8D99-A1E501D6AB19}.Release|Any CPU.Build.0 = Release|Any CPU
		{8107D6CB-51DE-4AB9-8D99-A1E501D6AB19}.Release|x64.ActiveCfg = Release|Any CPU
		{8107D6CB-51DE-4AB9-8D99-A1E501D6AB19}.Release|x64.Build.0 = Release|Any CPU
		{8107D6CB-51DE-4AB9-8D99-A1E501D6AB19}.Release|x86.ActiveCfg = Release|Any CPU
		{8107D6CB-51DE-4AB9-8D99-A1E501D6AB19}.Release|x86.Build.0 = Release|Any CPU
	EndGlobalSection
	GlobalSection(SolutionProperties) = preSolution
		HideSolutionNode = FALSE
	EndGlobalSection
EndGlobal
